
Microsoft Visual Studio Solution File, Format Version 12.00
# Visual Studio Version 17
VisualStudioVersion = 17.7.34202.233
MinimumVisualStudioVersion = 10.0.40219.1
Project("{00D1A9C2-B5F0-4AF3-8072-F6C62B433612}") = "DB_Produit_Eco", "DB_Produit_Eco\DB_Produit_Eco.sqlproj", "{7320E97E-4D66-4869-98E3-E946754327D9}"
EndProject
Global
	GlobalSection(SolutionConfigurationPlatforms) = preSolution
		Debug|Any CPU = Debug|Any CPU
		Release|Any CPU = Release|Any CPU
	EndGlobalSection
	GlobalSection(ProjectConfigurationPlatforms) = postSolution
		{7320E97E-4D66-4869-98E3-E946754327D9}.Debug|Any CPU.ActiveCfg = Debug|Any CPU
		{7320E97E-4D66-4869-98E3-E946754327D9}.Debug|Any CPU.Build.0 = Debug|Any CPU
		{7320E97E-4D66-4869-98E3-E946754327D9}.Debug|Any CPU.Deploy.0 = Debug|Any CPU
		{7320E97E-4D66-4869-98E3-E946754327D9}.Release|Any CPU.ActiveCfg = Release|Any CPU
		{7320E97E-4D66-4869-98E3-E946754327D9}.Release|Any CPU.Build.0 = Release|Any CPU
		{7320E97E-4D66-4869-98E3-E946754327D9}.Release|Any CPU.Deploy.0 = Release|Any CPU
	EndGlobalSection
	GlobalSection(SolutionProperties) = preSolution
		HideSolutionNode = FALSE
	EndGlobalSection
	GlobalSection(ExtensibilityGlobals) = postSolution
		SolutionGuid = {174387A3-7171-4551-9012-5B3F198C5A2D}
	EndGlobalSection
EndGlobal
